
Microsoft Visual Studio Solution File, Format Version 12.00
# Visual Studio Version 16
VisualStudioVersion = 16.0.36128.20
MinimumVisualStudioVersion = 10.0.40219.1
Project("{FAE04EC0-301F-11D3-BF4B-00C04F79EFBC}") = "MVC_OES", "MVC_OES\MVC_OES.csproj", "{4498685D-7065-4715-877F-6804287A8D4B}"
EndProject
Global
	GlobalSection(SolutionConfigurationPlatforms) = preSolution
		Debug|Any CPU = Debug|Any CPU
		Release|Any CPU = Release|Any CPU
	EndGlobalSection
	GlobalSection(ProjectConfigurationPlatforms) = postSolution
		{4498685D-7065-4715-877F-6804287A8D4B}.Debug|Any CPU.ActiveCfg = Debug|Any CPU
		{4498685D-7065-4715-877F-6804287A8D4B}.Debug|Any CPU.Build.0 = Debug|Any CPU
		{4498685D-7065-4715-877F-6804287A8D4B}.Release|Any CPU.ActiveCfg = Release|Any CPU
		{4498685D-7065-4715-877F-6804287A8D4B}.Release|Any CPU.Build.0 = Release|Any CPU
	EndGlobalSection
	GlobalSection(SolutionProperties) = preSolution
		HideSolutionNode = FALSE
	EndGlobalSection
	GlobalSection(ExtensibilityGlobals) = postSolution
		SolutionGuid = {D888D913-8EAF-4D3D-AAD9-0A144AE07C06}
	EndGlobalSection
EndGlobal
